{
  "version": 4,
  "terraform_version": "0.13.7",
  "serial": 23,
  "lineage": "5b39fa93-ef0c-850c-79b8-ee79db113d81",
  "outputs": {
    "subnet_id": {
      "value": "subnet-0b38b34efe0b561f8",
      "type": "string"
    },
    "vpc_id": {
      "value": "vpc-066296a72e6955199",
      "type": "string"
    }
  },
  "resources": [
    {
      "mode": "managed",
      "type": "aws_internet_gateway",
      "name": "igw",
      "provider": "provider[\"registry.terraform.io/hashicorp/aws\"]",
      "instances": [
        {
          "schema_version": 0,
          "attributes": {
            "arn": "arn:aws:ec2:us-east-1:180571538167:internet-gateway/igw-0edde1344309d07c6",
            "id": "igw-0edde1344309d07c6",
            "owner_id": "180571538167",
            "tags": {},
            "tags_all": {},
            "vpc_id": "vpc-066296a72e6955199"
          },
          "private": "bnVsbA==",
          "dependencies": [
            "aws_vpc.homework4_vpc"
          ]
        }
      ]
    },
    {
      "mode": "managed",
      "type": "aws_key_pair",
      "name": "terraform-keys",
      "provider": "provider[\"registry.terraform.io/hashicorp/aws\"]",
      "instances": [
        {
          "schema_version": 1,
          "attributes": {
            "arn": "arn:aws:ec2:us-east-1:180571538167:key-pair/terraform-keys",
            "fingerprint": "12:3b:e0:31:0f:f8:a1:46:9b:3e:8d:5e:d2:5b:e4:91",
            "id": "terraform-keys",
            "key_name": "terraform-keys",
            "key_name_prefix": null,
            "key_pair_id": "key-007b2b13a86d72d25",
            "public_key": "ssh-rsa AAAAB3NzaC1yc2EAAAADAQABAAABAQDLlsiKhNzFM5Wu9p3zfue3MfFAj5Lu2jhtMsS4UbKKq3RhQ7R68gvKoX+G7ERDatx5VxZxSfSx3KL0HQBRj4I3pmVtuQQmfT1G9nHotYrsBylEg0Y8L4DQyNTnkiipK9mKa1IYKa32ryumV9UNHlIhdBYV6Tvb0iqRq+Z6CAUWHSiGAu3VrxnGnjosQi6Np5Zwl59hIxSA+jseE9bCJpS/Sp+MP4O70OiCDUoKzxM+EvBGdzwNnxLQkbIsIgHBUQlGx+2aP/Oa6+RyKzFL2BIyA4kYjUPVkRdMvuVb9NSlRibgu0giN+f+Gfj5AqOpqX8Iv+gbYzYSBqbKKzFe+NtR 97254@DESKTOP-N4BJT28",
            "tags": null,
            "tags_all": {}
          },
          "private": "eyJzY2hlbWFfdmVyc2lvbiI6IjEifQ=="
        }
      ]
    },
    {
      "mode": "managed",
      "type": "aws_route_table",
      "name": "rt_homework4_vpc_public",
      "provider": "provider[\"registry.terraform.io/hashicorp/aws\"]",
      "instances": [
        {
          "schema_version": 0,
          "attributes": {
            "arn": "arn:aws:ec2:us-east-1:180571538167:route-table/rtb-0ada4ec65a09baad2",
            "id": "rtb-0ada4ec65a09baad2",
            "owner_id": "180571538167",
            "propagating_vgws": [],
            "route": [
              {
                "carrier_gateway_id": "",
                "cidr_block": "0.0.0.0/0",
                "destination_prefix_list_id": "",
                "egress_only_gateway_id": "",
                "gateway_id": "igw-0edde1344309d07c6",
                "instance_id": "",
                "ipv6_cidr_block": "",
                "local_gateway_id": "",
                "nat_gateway_id": "",
                "network_interface_id": "",
                "transit_gateway_id": "",
                "vpc_endpoint_id": "",
                "vpc_peering_connection_id": ""
              }
            ],
            "tags": {
              "Name": "rt_homework4_vpc_public"
            },
            "tags_all": {
              "Name": "rt_homework4_vpc_public"
            },
            "vpc_id": "vpc-066296a72e6955199"
          },
          "private": "bnVsbA==",
          "dependencies": [
            "aws_internet_gateway.igw",
            "aws_vpc.homework4_vpc"
          ]
        }
      ]
    },
    {
      "mode": "managed",
      "type": "aws_route_table_association",
      "name": "public_association",
      "provider": "provider[\"registry.terraform.io/hashicorp/aws\"]",
      "instances": [
        {
          "schema_version": 0,
          "attributes": {
            "gateway_id": null,
            "id": "rtbassoc-0828b8897625d2b75",
            "route_table_id": "rtb-0ada4ec65a09baad2",
            "subnet_id": "subnet-0b38b34efe0b561f8"
          },
          "private": "bnVsbA==",
          "dependencies": [
            "aws_internet_gateway.igw",
            "aws_route_table.rt_homework4_vpc_public",
            "aws_subnet.public",
            "aws_vpc.homework4_vpc"
          ]
        }
      ]
    },
    {
      "mode": "managed",
      "type": "aws_security_group",
      "name": "allow_hw4",
      "provider": "provider[\"registry.terraform.io/hashicorp/aws\"]",
      "instances": [
        {
          "schema_version": 1,
          "attributes": {
            "arn": "arn:aws:ec2:us-east-1:180571538167:security-group/sg-06a3864236de3788e",
            "description": "Allow inbound web traffic",
            "egress": [
              {
                "cidr_blocks": [
                  "0.0.0.0/0"
                ],
                "description": "All networks allowed",
                "from_port": 0,
                "ipv6_cidr_blocks": [
                  "::/0"
                ],
                "prefix_list_ids": [],
                "protocol": "-1",
                "security_groups": [],
                "self": false,
                "to_port": 0
              }
            ],
            "id": "sg-06a3864236de3788e",
            "ingress": [
              {
                "cidr_blocks": [
                  "0.0.0.0/0"
                ],
                "description": "All networks allowed",
                "from_port": 0,
                "ipv6_cidr_blocks": [
                  "::/0"
                ],
                "prefix_list_ids": [],
                "protocol": "-1",
                "security_groups": [],
                "self": false,
                "to_port": 0
              }
            ],
            "name": "allow_hw4_traffic",
            "name_prefix": "",
            "owner_id": "180571538167",
            "revoke_rules_on_delete": false,
            "tags": {},
            "tags_all": {},
            "timeouts": null,
            "vpc_id": "vpc-066296a72e6955199"
          },
          "private": "eyJlMmJmYjczMC1lY2FhLTExZTYtOGY4OC0zNDM2M2JjN2M0YzAiOnsiY3JlYXRlIjo2MDAwMDAwMDAwMDAsImRlbGV0ZSI6OTAwMDAwMDAwMDAwfSwic2NoZW1hX3ZlcnNpb24iOiIxIn0=",
          "dependencies": [
            "aws_vpc.homework4_vpc"
          ]
        }
      ]
    },
    {
      "mode": "managed",
      "type": "aws_subnet",
      "name": "private",
      "provider": "provider[\"registry.terraform.io/hashicorp/aws\"]",
      "instances": [
        {
          "schema_version": 1,
          "attributes": {
            "arn": "arn:aws:ec2:us-east-1:180571538167:subnet/subnet-0d230afa11f20502b",
            "assign_ipv6_address_on_creation": false,
            "availability_zone": "us-east-1c",
            "availability_zone_id": "use1-az4",
            "cidr_block": "10.0.2.0/24",
            "customer_owned_ipv4_pool": "",
            "id": "subnet-0d230afa11f20502b",
            "ipv6_cidr_block": "",
            "ipv6_cidr_block_association_id": "",
            "map_customer_owned_ip_on_launch": false,
            "map_public_ip_on_launch": false,
            "outpost_arn": "",
            "owner_id": "180571538167",
            "tags": {
              "Name": "homework4_vpc_private"
            },
            "tags_all": {
              "Name": "homework4_vpc_private"
            },
            "timeouts": null,
            "vpc_id": "vpc-066296a72e6955199"
          },
          "private": "eyJlMmJmYjczMC1lY2FhLTExZTYtOGY4OC0zNDM2M2JjN2M0YzAiOnsiY3JlYXRlIjo2MDAwMDAwMDAwMDAsImRlbGV0ZSI6MTIwMDAwMDAwMDAwMH0sInNjaGVtYV92ZXJzaW9uIjoiMSJ9",
          "dependencies": [
            "aws_vpc.homework4_vpc"
          ]
        }
      ]
    },
    {
      "mode": "managed",
      "type": "aws_subnet",
      "name": "public",
      "provider": "provider[\"registry.terraform.io/hashicorp/aws\"]",
      "instances": [
        {
          "schema_version": 1,
          "attributes": {
            "arn": "arn:aws:ec2:us-east-1:180571538167:subnet/subnet-0b38b34efe0b561f8",
            "assign_ipv6_address_on_creation": false,
            "availability_zone": "us-east-1b",
            "availability_zone_id": "use1-az2",
            "cidr_block": "10.0.1.0/24",
            "customer_owned_ipv4_pool": "",
            "id": "subnet-0b38b34efe0b561f8",
            "ipv6_cidr_block": "",
            "ipv6_cidr_block_association_id": "",
            "map_customer_owned_ip_on_launch": false,
            "map_public_ip_on_launch": true,
            "outpost_arn": "",
            "owner_id": "180571538167",
            "tags": {
              "Name": "homework4_vpc_public"
            },
            "tags_all": {
              "Name": "homework4_vpc_public"
            },
            "timeouts": null,
            "vpc_id": "vpc-066296a72e6955199"
          },
          "private": "eyJlMmJmYjczMC1lY2FhLTExZTYtOGY4OC0zNDM2M2JjN2M0YzAiOnsiY3JlYXRlIjo2MDAwMDAwMDAwMDAsImRlbGV0ZSI6MTIwMDAwMDAwMDAwMH0sInNjaGVtYV92ZXJzaW9uIjoiMSJ9",
          "dependencies": [
            "aws_vpc.homework4_vpc"
          ]
        }
      ]
    },
    {
      "mode": "managed",
      "type": "aws_vpc",
      "name": "homework4_vpc",
      "provider": "provider[\"registry.terraform.io/hashicorp/aws\"]",
      "instances": [
        {
          "schema_version": 1,
          "attributes": {
            "arn": "arn:aws:ec2:us-east-1:180571538167:vpc/vpc-066296a72e6955199",
            "assign_generated_ipv6_cidr_block": false,
            "cidr_block": "10.0.0.0/16",
            "default_network_acl_id": "acl-0459f923e238f5f25",
            "default_route_table_id": "rtb-0730200975f275dc1",
            "default_security_group_id": "sg-06440730d385b33b7",
            "dhcp_options_id": "dopt-17d1f86d",
            "enable_classiclink": false,
            "enable_classiclink_dns_support": false,
            "enable_dns_hostnames": false,
            "enable_dns_support": true,
            "id": "vpc-066296a72e6955199",
            "instance_tenancy": "default",
            "ipv6_association_id": "",
            "ipv6_cidr_block": "",
            "main_route_table_id": "rtb-0730200975f275dc1",
            "owner_id": "180571538167",
            "tags": {
              "Name": "homework4_vpc"
            },
            "tags_all": {
              "Name": "homework4_vpc"
            }
          },
          "private": "eyJzY2hlbWFfdmVyc2lvbiI6IjEifQ=="
        }
      ]
    },
    {
      "module": "module.mysql_Instance",
      "mode": "managed",
      "type": "aws_instance",
      "name": "mysql-public",
      "provider": "provider[\"registry.terraform.io/hashicorp/aws\"]",
      "instances": [
        {
          "schema_version": 1,
          "attributes": {
            "ami": "ami-0ee02acd56a52998e",
            "arn": "arn:aws:ec2:us-east-1:180571538167:instance/i-0442795803389b9fd",
            "associate_public_ip_address": true,
            "availability_zone": "us-east-1b",
            "cpu_core_count": 1,
            "cpu_threads_per_core": 1,
            "credit_specification": [
              {
                "cpu_credits": "standard"
              }
            ],
            "disable_api_termination": false,
            "ebs_block_device": [],
            "ebs_optimized": false,
            "enclave_options": [
              {
                "enabled": false
              }
            ],
            "ephemeral_block_device": [],
            "get_password_data": false,
            "hibernation": false,
            "host_id": null,
            "iam_instance_profile": "",
            "id": "i-0442795803389b9fd",
            "instance_initiated_shutdown_behavior": "stop",
            "instance_state": "running",
            "instance_type": "t2.micro",
            "ipv6_address_count": 0,
            "ipv6_addresses": [],
            "key_name": "terraform-keys",
            "metadata_options": [
              {
                "http_endpoint": "enabled",
                "http_put_response_hop_limit": 1,
                "http_tokens": "optional"
              }
            ],
            "monitoring": false,
            "network_interface": [],
            "outpost_arn": "",
            "password_data": "",
            "placement_group": "",
            "primary_network_interface_id": "eni-020dfc52382bd973e",
            "private_dns": "ip-10-0-1-218.ec2.internal",
            "private_ip": "10.0.1.218",
            "public_dns": "",
            "public_ip": "34.239.108.11",
            "root_block_device": [
              {
                "delete_on_termination": true,
                "device_name": "/dev/sda1",
                "encrypted": false,
                "iops": 100,
                "kms_key_id": "",
                "tags": {},
                "throughput": 0,
                "volume_id": "vol-0ac8b2d183ce29e82",
                "volume_size": 8,
                "volume_type": "gp2"
              }
            ],
            "secondary_private_ips": [],
            "security_groups": [
              "sg-06a3864236de3788e"
            ],
            "source_dest_check": true,
            "subnet_id": "subnet-0b38b34efe0b561f8",
            "tags": {
              "Name": "MySQL-p-HW4"
            },
            "tags_all": {
              "Name": "MySQL-p-HW4"
            },
            "tenancy": "default",
            "timeouts": null,
            "user_data": "c891ae871a8fcfe39bcce1b5aaef4eb617306bf5",
            "user_data_base64": null,
            "volume_tags": null,
            "vpc_security_group_ids": [
              "sg-06a3864236de3788e"
            ]
          },
          "private": "eyJlMmJmYjczMC1lY2FhLTExZTYtOGY4OC0zNDM2M2JjN2M0YzAiOnsiY3JlYXRlIjo2MDAwMDAwMDAwMDAsImRlbGV0ZSI6MTIwMDAwMDAwMDAwMCwidXBkYXRlIjo2MDAwMDAwMDAwMDB9LCJzY2hlbWFfdmVyc2lvbiI6IjEifQ==",
          "dependencies": [
            "aws_key_pair.terraform-keys",
            "aws_security_group.allow_hw4",
            "aws_subnet.public"
          ]
        }
      ]
    },
    {
      "module": "module.wordpress_instance",
      "mode": "managed",
      "type": "aws_instance",
      "name": "wordpress",
      "provider": "provider[\"registry.terraform.io/hashicorp/aws\"]",
      "instances": [
        {
          "schema_version": 1,
          "attributes": {
            "ami": "ami-0ee02acd56a52998e",
            "arn": "arn:aws:ec2:us-east-1:180571538167:instance/i-0faaa7542b7100810",
            "associate_public_ip_address": true,
            "availability_zone": "us-east-1b",
            "cpu_core_count": 1,
            "cpu_threads_per_core": 1,
            "credit_specification": [
              {
                "cpu_credits": "standard"
              }
            ],
            "disable_api_termination": false,
            "ebs_block_device": [],
            "ebs_optimized": false,
            "enclave_options": [
              {
                "enabled": false
              }
            ],
            "ephemeral_block_device": [],
            "get_password_data": false,
            "hibernation": false,
            "host_id": null,
            "iam_instance_profile": "",
            "id": "i-0faaa7542b7100810",
            "instance_initiated_shutdown_behavior": "stop",
            "instance_state": "running",
            "instance_type": "t2.micro",
            "ipv6_address_count": 0,
            "ipv6_addresses": [],
            "key_name": "terraform-keys",
            "metadata_options": [
              {
                "http_endpoint": "enabled",
                "http_put_response_hop_limit": 1,
                "http_tokens": "optional"
              }
            ],
            "monitoring": false,
            "network_interface": [],
            "outpost_arn": "",
            "password_data": "",
            "placement_group": "",
            "primary_network_interface_id": "eni-088d18349b487af45",
            "private_dns": "ip-10-0-1-85.ec2.internal",
            "private_ip": "10.0.1.85",
            "public_dns": "",
            "public_ip": "54.158.64.71",
            "root_block_device": [
              {
                "delete_on_termination": true,
                "device_name": "/dev/sda1",
                "encrypted": false,
                "iops": 100,
                "kms_key_id": "",
                "tags": {},
                "throughput": 0,
                "volume_id": "vol-02547f9a4fb8a0bed",
                "volume_size": 8,
                "volume_type": "gp2"
              }
            ],
            "secondary_private_ips": [],
            "security_groups": [
              "sg-06a3864236de3788e"
            ],
            "source_dest_check": true,
            "subnet_id": "subnet-0b38b34efe0b561f8",
            "tags": {
              "Name": "wordpress-HW4"
            },
            "tags_all": {
              "Name": "wordpress-HW4"
            },
            "tenancy": "default",
            "timeouts": null,
            "user_data": "561f4aea4dab25c25992b0084509212e930c879e",
            "user_data_base64": null,
            "volume_tags": null,
            "vpc_security_group_ids": [
              "sg-06a3864236de3788e"
            ]
          },
          "private": "eyJlMmJmYjczMC1lY2FhLTExZTYtOGY4OC0zNDM2M2JjN2M0YzAiOnsiY3JlYXRlIjo2MDAwMDAwMDAwMDAsImRlbGV0ZSI6MTIwMDAwMDAwMDAwMCwidXBkYXRlIjo2MDAwMDAwMDAwMDB9LCJzY2hlbWFfdmVyc2lvbiI6IjEifQ==",
          "dependencies": [
            "aws_key_pair.terraform-keys",
            "aws_security_group.allow_hw4",
            "aws_subnet.public",
            "module.mysql_Instance.aws_instance.mysql-public"
          ]
        }
      ]
    }
  ]
}
